{
  "requires": true,
  "lockfileVersion": 1,
  "dependencies": {
    "simple-icons": {
      "version": "3.5.0",
      "resolved": "https://registry.npmjs.org/simple-icons/-/simple-icons-3.5.0.tgz",
      "integrity": "sha512-2QWj+y4iQnAQa9KIKJy2tVmstASHpq7+xbA6P+VgARkfK24WauuC5z2uIzX++FXQl+HAXZL3rFkBd23FFbTV9w=="
    }
  }
}
